
Microsoft Visual Studio Solution File, Format Version 12.00
# Visual Studio Version 17
VisualStudioVersion = 17.14.37216.2 d17.14
MinimumVisualStudioVersion = 10.0.40219.1
Project("{FAE04EC0-301F-11D3-BF4B-00C04F79EFBC}") = "WpfApp1", "WpfApp1.csproj", "{97E6D7FB-E560-484A-9250-52F5BFF8A3AD}"
EndProject
Global
	GlobalSection(SolutionConfigurationPlatforms) = preSolution
		Debug|Any CPU = Debug|Any CPU
		Release|Any CPU = Release|Any CPU
	EndGlobalSection
	GlobalSection(ProjectConfigurationPlatforms) = postSolution
		{97E6D7FB-E560-484A-9250-52F5BFF8A3AD}.Debug|Any CPU.ActiveCfg = Debug|Any CPU
		{97E6D7FB-E560-484A-9250-52F5BFF8A3AD}.Debug|Any CPU.Build.0 = Debug|Any CPU
		{97E6D7FB-E560-484A-9250-52F5BFF8A3AD}.Release|Any CPU.ActiveCfg = Release|Any CPU
		{97E6D7FB-E560-484A-9250-52F5BFF8A3AD}.Release|Any CPU.Build.0 = Release|Any CPU
	EndGlobalSection
	GlobalSection(SolutionProperties) = preSolution
		HideSolutionNode = FALSE
	EndGlobalSection
	GlobalSection(ExtensibilityGlobals) = postSolution
		SolutionGuid = {14C45052-EE78-4646-A601-1CE33DAD4BEA}
	EndGlobalSection
EndGlobal
